#MicroXplorer Configuration settings - do not modify
Mcu.Family=STM32F0
SH.GPXTI10.0=GPIO_EXTI10
PA6.GPIOParameters=GPIO_Label
ProjectManager.MainLocation=Core/Src
ProjectManager.ProjectFileName=WB-MR2.ioc
ProjectManager.KeepUserCode=true
Mcu.UserName=STM32F030F4Px
Mcu.PinsNb=11
ProjectManager.NoMain=false
SH.GPXTI9.0=GPIO_EXTI9
PA10.GPIO_PuPd=GPIO_PULLUP
USART1.BaudRate=9600
RCC.PLLCLKFreq_Value=8000000
PA9.GPIO_Label=INPUT1
ProjectManager.functionlistsort=1-MX_GPIO_Init-GPIO-false-HAL-true,2-SystemClock_Config-RCC-false-HAL-false,3-MX_USART1_UART_Init-USART1-false-HAL-true
PA9.GPIOParameters=GPIO_PuPd,GPIO_Label,GPIO_ModeDefaultEXTI
ProjectManager.DefaultFWLocation=true
PA6.GPIO_Label=RELAY0
NVIC.SVC_IRQn=true\:0\:0\:false\:false\:true\:false\:false
ProjectManager.DeletePrevious=true
USART1.IPParameters=VirtualMode-Asynchronous,VirtualMode-Hardware Flow Control (RS485),BaudRate,StopBits
PA9.GPIO_PuPd=GPIO_PULLUP
PinOutPanel.RotationAngle=0
RCC.FamilyName=M
ProjectManager.StackSize=0x400
USART1.VirtualMode-Asynchronous=VM_ASYNC
PA3.Mode=Asynchronous
PA13.Signal=SYS_SWDIO
Mcu.IP2=SYS
Mcu.IP3=USART1
Mcu.IP0=NVIC
Mcu.IP1=RCC
USART1.StopBits=STOPBITS_2
Mcu.UserConstants=
ProjectManager.TargetToolchain=STM32CubeIDE
Mcu.ThirdPartyNb=0
Mcu.IPNb=4
ProjectManager.PreviousToolchain=STM32CubeIDE
PA9.Signal=GPXTI9
Mcu.Pin6=PA9
Mcu.Pin7=PA10
ProjectManager.RegisterCallBack=
Mcu.Pin8=PA13
Mcu.Pin9=PA14
PA1.Signal=USART1_DE
Mcu.Pin0=PA1
Mcu.Pin1=PA2
GPIO.groupedBy=Group By Peripherals
Mcu.Pin2=PA3
Mcu.Pin3=PA4
Mcu.Pin4=PA6
Mcu.Pin5=PA7
ProjectManager.ProjectBuild=false
board=custom
PA4.Locked=true
NVIC.SysTick_IRQn=true\:0\:0\:false\:false\:true\:false\:true
ProjectManager.LastFirmware=true
ProjectManager.FirmwarePackage=STM32Cube FW_F0 V1.11.1
MxDb.Version=DB.6.0.0
PA1.Mode=Hardware Flow Control (RS485)
ProjectManager.BackupPrevious=false
MxCube.Version=6.0.1
PA14.Mode=Serial_Wire
USART1.VirtualMode-Hardware\ Flow\ Control\ (RS485)=VM_ASYNC
File.Version=6
PA10.GPIO_Label=INPUT0
PA10.GPIOParameters=GPIO_PuPd,GPIO_Label,GPIO_ModeDefaultEXTI
VP_SYS_VS_Systick.Mode=SysTick
PA9.Locked=true
NVIC.NonMaskableInt_IRQn=true\:0\:0\:false\:false\:true\:false\:false
PA4.GPIOParameters=GPIO_Label
NVIC.PendSV_IRQn=true\:0\:0\:false\:false\:true\:false\:false
PA13.Mode=Serial_Wire
ProjectManager.FreePins=true
RCC.IPParameters=FamilyName,PLLCLKFreq_Value,TimSysFreq_Value
ProjectManager.AskForMigrate=true
Mcu.Name=STM32F030F4Px
ProjectManager.HalAssertFull=false
PA2.Signal=USART1_TX
ProjectManager.ProjectName=WB-MR2
ProjectManager.UnderRoot=true
ProjectManager.CoupleFile=false
PA4.Signal=GPIO_Output
Mcu.Package=TSSOP20
PA6.Signal=GPIO_Output
RCC.TimSysFreq_Value=8000000
PA7.GPIO_Label=RELAY1
PA7.Locked=true
PA10.Locked=true
NVIC.ForceEnableDMAVector=true
KeepUserPlacement=false
PA10.GPIO_ModeDefaultEXTI=GPIO_MODE_IT_FALLING
PA14.Locked=true
ProjectManager.CompilerOptimize=6
ProjectManager.ToolChainLocation=
VP_SYS_VS_Systick.Signal=SYS_VS_Systick
SH.GPXTI9.ConfNb=1
PA10.Signal=GPXTI10
PA14.Signal=SYS_SWCLK
ProjectManager.HeapSize=0x200
NVIC.HardFault_IRQn=true\:0\:0\:false\:false\:true\:false\:false
ProjectManager.ComputerToolchain=false
Mcu.Pin10=VP_SYS_VS_Systick
PA9.GPIO_ModeDefaultEXTI=GPIO_MODE_IT_FALLING
SH.GPXTI10.ConfNb=1
PA2.Mode=Asynchronous
PA4.GPIO_Label=LED
PA7.GPIOParameters=GPIO_Label
ProjectManager.CustomerFirmwarePackage=
ProjectManager.DeviceId=STM32F030F4Px
NVIC.EXTI4_15_IRQn=true\:0\:0\:false\:false\:true\:true\:true
ProjectManager.LibraryCopy=1
PA3.Signal=USART1_RX
PA7.Signal=GPIO_Output
PA6.Locked=true
